
Microsoft Visual Studio Solution File, Format Version 12.00
# Visual Studio Version 16
VisualStudioVersion = 16.0.29924.181
MinimumVisualStudioVersion = 10.0.40219.1
Project("{9A19103F-16F7-4668-BE54-9A1E7A4F7556}") = "Project.Zap", "Project.Zap\Project.Zap.csproj", "{5E807CCE-D22B-4181-891F-B4E0BADEF6A2}"
EndProject
Project("{9A19103F-16F7-4668-BE54-9A1E7A4F7556}") = "Project.Zap.Library", "Project.Zap.Library\Project.Zap.Library.csproj", "{718B2509-DBF0-47B8-A7B1-503319992F34}"
EndProject
Project("{9A19103F-16F7-4668-BE54-9A1E7A4F7556}") = "Project.Zap.Tests", "Project.Zap.Tests\Project.Zap.Tests.csproj", "{D6C5C72B-5AE7-43AB-8C59-62EE983ADE7C}"
EndProject
Global
	GlobalSection(SolutionConfigurationPlatforms) = preSolution
		Debug|Any CPU = Debug|Any CPU
		Release|Any CPU = Release|Any CPU
	EndGlobalSection
	GlobalSection(ProjectConfigurationPlatforms) = postSolution
		{5E807CCE-D22B-4181-891F-B4E0BADEF6A2}.Debug|Any CPU.ActiveCfg = Debug|Any CPU
		{5E807CCE-D22B-4181-891F-B4E0BADEF6A2}.Debug|Any CPU.Build.0 = Debug|Any CPU
		{5E807CCE-D22B-4181-891F-B4E0BADEF6A2}.Release|Any CPU.ActiveCfg = Release|Any CPU
		{5E807CCE-D22B-4181-891F-B4E0BADEF6A2}.Release|Any CPU.Build.0 = Release|Any CPU
		{718B2509-DBF0-47B8-A7B1-503319992F34}.Debug|Any CPU.ActiveCfg = Debug|Any CPU
		{718B2509-DBF0-47B8-A7B1-503319992F34}.Debug|Any CPU.Build.0 = Debug|Any CPU
		{718B2509-DBF0-47B8-A7B1-503319992F34}.Release|Any CPU.ActiveCfg = Release|Any CPU
		{718B2509-DBF0-47B8-A7B1-503319992F34}.Release|Any CPU.Build.0 = Release|Any CPU
		{D6C5C72B-5AE7-43AB-8C59-62EE983ADE7C}.Debug|Any CPU.ActiveCfg = Debug|Any CPU
		{D6C5C72B-5AE7-43AB-8C59-62EE983ADE7C}.Debug|Any CPU.Build.0 = Debug|Any CPU
		{D6C5C72B-5AE7-43AB-8C59-62EE983ADE7C}.Release|Any CPU.ActiveCfg = Release|Any CPU
		{D6C5C72B-5AE7-43AB-8C59-62EE983ADE7C}.Release|Any CPU.Build.0 = Release|Any CPU
	EndGlobalSection
	GlobalSection(SolutionProperties) = preSolution
		HideSolutionNode = FALSE
	EndGlobalSection
	GlobalSection(ExtensibilityGlobals) = postSolution
		SolutionGuid = {EFB07535-7BFA-4996-9B8B-49A47620B752}
	EndGlobalSection
EndGlobal
